{
  "name": "lc_typescript",
  "version": "1.0.0",
  "lockfileVersion": 3,
  "requires": true,
  "packages": {
    "": {
      "name": "lc_typescript",
      "version": "1.0.0",
      "license": "ISC",
      "dependencies": {
        "datastructures-js": "^13.0.0",
        "lodash": "^4.17.21",
        "tsx": "^4.21.0"
      },
      "devDependencies": {
        "@types/lodash": "^4.17.20",
        "@types/node": "^25.5.0",
        "husky": "^9.1.7",
        "oxfmt": "^0.65.0",
        "oxlint": "^1.80.0",
        "typescript": "^5.9.3"
      }
    },
    "node_modules/@datastructures-js/binary-search-tree": {
      "version": "5.3.3",
      "resolved": "https://registry.npmjs.org/@datastructures-js/binary-search-tree/-/binary-search-tree-5.3.3.tgz",
      "integrity": "sha512-khHe29zQDe+CVFJy5u3h0J2xnlLtZAuXbBVqUormwD75CQKQdGbuXKJk+sTWrfaVgQRcwn0ahMzKwOgQ1pYAeg==",
      "license": "MIT"
    },
    "node_modules/@datastructures-js/deque": {
      "version": "1.0.8",
      "resolved": "https://registry.npmjs.org/@datastructures-js/deque/-/deque-1.0.8.tgz",
      "integrity": "sha512-PSBhJ2/SmeRPRHuBv7i/fHWIdSC3JTyq56qb+Rq0wjOagi0/fdV5/B/3Md5zFZus/W6OkSPMaxMKKMNMrSmubg==",
      "license": "MIT"
    },
    "node_modules/@datastructures-js/graph": {
      "version": "5.3.1",
      "resolved": "https://registry.npmjs.org/@datastructures-js/graph/-/graph-5.3.1.tgz",
      "integrity": "sha512-tFuysPL+PKxaLitXcHeWZOwOwmSIaa5OzBh4CNSwYYnAVZRxItl50LiX432+AMo+WZLYpDEhTyXtLVlt3qtc9w==",
      "license": "MIT",
      "dependencies": {
        "@datastructures-js/queue": "^3.1.3"
      }
    },
    "node_modules/@datastructures-js/graph/node_modules/@datastructures-js/queue": {
      "version": "3.1.4",
      "resolved": "https://registry.npmjs.org/@datastructures-js/queue/-/queue-3.1.4.tgz",
      "integrity": "sha512-8QqkdAJQDDd25OBX28lKj7HXD+Cxs6Ee0ogJkZUjD5R1fAvRAWsrCeKop0szqANYjMwdQQd75vyc3Cm8qNJH+Q==",
      "license": "MIT"
    },
    "node_modules/@datastructures-js/heap": {
      "version": "4.3.5",
      "resolved": "https://registry.npmjs.org/@datastructures-js/heap/-/heap-4.3.5.tgz",
      "integrity": "sha512-zgO8KO26WnZdCxe72Ck+55mhUYmw/1CL/TueKSIIU6aqoOcXAqeaL2kRldJcXtCdJ43rqgIKYdEkiL07sQ+2VQ==",
      "license": "MIT"
    },
    "node_modules/@datastructures-js/linked-list": {
      "version": "6.1.4",
      "resolved": "https://registry.npmjs.org/@datastructures-js/linked-list/-/linked-list-6.1.4.tgz",
      "integrity": "sha512-lwM6KDBPgV9xxJMzozCqZzdofzc0fx8FPjNfrWDf8+u8Fm7zcjksvXrv6Z9dA2Kg40HZIUKqLPaQriqLhhAisg==",
      "license": "MIT"
    },
    "node_modules/@datastructures-js/priority-queue": {
      "version": "6.3.4",
      "resolved": "https://registry.npmjs.org/@datastructures-js/priority-queue/-/priority-queue-6.3.4.tgz",
      "integrity": "sha512-m8Jt1OkwyHsKRz6L1FWerz3Hw8iU5vqCdBI6khC8YNssF1kXKX6cs8Xc9Zt9ocPCxO/vZhAu/KnQ+uQ4Btw6AA==",
      "license": "MIT",
      "dependencies": {
        "@datastructures-js/heap": "^4.3.3"
      }
    },
    "node_modules/@datastructures-js/queue": {
      "version": "4.3.0",
      "resolved": "https://registry.npmjs.org/@datastructures-js/queue/-/queue-4.3.0.tgz",
      "integrity": "sha512-2RYt1+N4dtdcilwmB+A6j9HT/5MImHSK2UUjBA8WQAHoA2AEJC4YxJSSGhGTOBMyLMKpMiowwTrnB315YgtTrA==",
      "license": "MIT"
    },
    "node_modules/@datastructures-js/set": {
      "version": "4.2.2",
      "resolved": "https://registry.npmjs.org/@datastructures-js/set/-/set-4.2.2.tgz",
      "integrity": "sha512-6TilB1kZV3elcT3PiXnzBzjgf+HqcfcbyPjL3q7fubIpaKwFF1qSjJjzXdE7s8utA6ptyQrhQiU6knhVPcDZMA==",
      "license": "MIT"
    },
    "node_modules/@datastructures-js/stack": {
      "version": "3.1.6",
      "resolved": "https://registry.npmjs.org/@datastructures-js/stack/-/stack-3.1.6.tgz",
      "integrity": "sha512-HtArTBadxEK8j/whIuXanzoCj9VPz7BXJOn5n4ktr7K+DtGryrCLERZczbN35WujqEwIjIdVTTbxGoma1qGDuQ==",
      "license": "MIT"
    },
    "node_modules/@datastructures-js/trie": {
      "version": "4.2.3",
      "resolved": "https://registry.npmjs.org/@datastructures-js/trie/-/trie-4.2.3.tgz",
      "integrity": "sha512-4Iu2okR18BE3d/KQBKnpGZ+98cv/EwYl7wSwOU4yICxjSJfjUJixugBjh3kPhHe9Qf652qVDN/Ugp2dj4ak68w==",
      "license": "MIT"
    },
    "node_modules/@esbuild/aix-ppc64": {
      "version": "0.27.7",
      "resolved": "https://registry.npmjs.org/@esbuild/aix-ppc64/-/aix-ppc64-0.27.7.tgz",
      "integrity": "sha512-EKX3Qwmhz1eMdEJokhALr0YiD0lhQNwDqkPYyPhiSwKrh7/4KRjQc04sZ8db+5DVVnZ1LmbNDI1uAMPEUBnQPg==",
      "cpu": [
        "ppc64"
      ],
      "license": "MIT",
      "optional": true,
      "os": [
        "aix"
      ],
      "engines": {
        "node": ">=18"
      }
    },
    "node_modules/@esbuild/android-arm": {
      "version": "0.27.7",
      "resolved": "https://registry.npmjs.org/@esbuild/android-arm/-/android-arm-0.27.7.tgz",
      "integrity": "sha512-jbPXvB4Yj2yBV7HUfE2KHe4GJX51QplCN1pGbYjvsyCZbQmies29EoJbkEc+vYuU5o45AfQn37vZlyXy4YJ8RQ==",
      "cpu": [
        "arm"
      ],
      "license": "MIT",
      "optional": true,
      "os": [
        "android"
      ],
      "engines": {
        "node": ">=18"
      }
    },
    "node_modules/@esbuild/android-arm64": {
      "version": "0.27.7",
      "resolved": "https://registry.npmjs.org/@esbuild/android-arm64/-/android-arm64-0.27.7.tgz",
      "integrity": "sha512-62dPZHpIXzvChfvfLJow3q5dDtiNMkwiRzPylSCfriLvZeq0a1bWChrGx/BbUbPwOrsWKMn8idSllklzBy+dgQ==",
      "cpu": [
        "arm64"
      ],
      "license": "MIT",
      "optional": true,
      "os": [
        "android"
      ],
      "engines": {
        "node": ">=18"
      }
    },
    "node_modules/@esbuild/android-x64": {
      "version": "0.27.7",
      "resolved": "https://registry.npmjs.org/@esbuild/android-x64/-/android-x64-0.27.7.tgz",
      "integrity": "sha512-x5VpMODneVDb70PYV2VQOmIUUiBtY3D3mPBG8NxVk5CogneYhkR7MmM3yR/uMdITLrC1ml/NV1rj4bMJuy9MCg==",
      "cpu": [
        "x64"
      ],
      "license": "MIT",
      "optional": true,
      "os": [
        "android"
      ],
      "engines": {
        "node": ">=18"
      }
    },
    "node_modules/@esbuild/darwin-arm64": {
      "version": "0.27.7",
      "resolved": "https://registry.npmjs.org/@esbuild/darwin-arm64/-/darwin-arm64-0.27.7.tgz",
      "integrity": "sha512-5lckdqeuBPlKUwvoCXIgI2D9/ABmPq3Rdp7IfL70393YgaASt7tbju3Ac+ePVi3KDH6N2RqePfHnXkaDtY9fkw==",
      "cpu": [
        "arm64"
      ],
      "license": "MIT",
      "optional": true,
      "os": [
        "darwin"
      ],
      "engines": {
        "node": ">=18"
      }
    },
    "node_modules/@esbuild/darwin-x64": {
      "version": "0.27.7",
      "resolved": "https://registry.npmjs.org/@esbuild/darwin-x64/-/darwin-x64-0.27.7.tgz",
      "integrity": "sha512-rYnXrKcXuT7Z+WL5K980jVFdvVKhCHhUwid+dDYQpH+qu+TefcomiMAJpIiC2EM3Rjtq0sO3StMV/+3w3MyyqQ==",
      "cpu": [
        "x64"
      ],
      "license": "MIT",
      "optional": true,
      "os": [
        "darwin"
      ],
      "engines": {
        "node": ">=18"
      }
    },
    "node_modules/@esbuild/freebsd-arm64": {
      "version": "0.27.7",
      "resolved": "https://registry.npmjs.org/@esbuild/freebsd-arm64/-/freebsd-arm64-0.27.7.tgz",
      "integrity": "sha512-B48PqeCsEgOtzME2GbNM2roU29AMTuOIN91dsMO30t+Ydis3z/3Ngoj5hhnsOSSwNzS+6JppqWsuhTp6E82l2w==",
      "cpu": [
        "arm64"
      ],
      "license": "MIT",
      "optional": true,
      "os": [
        "freebsd"
      ],
      "engines": {
        "node": ">=18"
      }
    },
    "node_modules/@esbuild/freebsd-x64": {
      "version": "0.27.7",
      "resolved": "https://registry.npmjs.org/@esbuild/freebsd-x64/-/freebsd-x64-0.27.7.tgz",
      "integrity": "sha512-jOBDK5XEjA4m5IJK3bpAQF9/Lelu/Z9ZcdhTRLf4cajlB+8VEhFFRjWgfy3M1O4rO2GQ/b2dLwCUGpiF/eATNQ==",
      "cpu": [
        "x64"
      ],
      "license": "MIT",
      "optional": true,
      "os": [
        "freebsd"
      ],
      "engines": {
        "node": ">=18"
      }
    },
    "node_modules/@esbuild/linux-arm": {
      "version": "0.27.7",
      "resolved": "https://registry.npmjs.org/@esbuild/linux-arm/-/linux-arm-0.27.7.tgz",
      "integrity": "sha512-RkT/YXYBTSULo3+af8Ib0ykH8u2MBh57o7q/DAs3lTJlyVQkgQvlrPTnjIzzRPQyavxtPtfg0EopvDyIt0j1rA==",
      "cpu": [
        "arm"
      ],
      "license": "MIT",
      "optional": true,
      "os": [
        "linux"
      ],
      "engines": {
        "node": ">=18"
      }
    },
    "node_modules/@esbuild/linux-arm64": {
      "version": "0.27.7",
      "resolved": "https://registry.npmjs.org/@esbuild/linux-arm64/-/linux-arm64-0.27.7.tgz",
      "integrity": "sha512-RZPHBoxXuNnPQO9rvjh5jdkRmVizktkT7TCDkDmQ0W2SwHInKCAV95GRuvdSvA7w4VMwfCjUiPwDi0ZO6Nfe9A==",
      "cpu": [
        "arm64"
      ],
      "license": "MIT",
      "optional": true,
      "os": [
        "linux"
      ],
      "engines": {
        "node": ">=18"
      }
    },
    "node_modules/@esbuild/linux-ia32": {
      "version": "0.27.7",
      "resolved": "https://registry.npmjs.org/@esbuild/linux-ia32/-/linux-ia32-0.27.7.tgz",
      "integrity": "sha512-GA48aKNkyQDbd3KtkplYWT102C5sn/EZTY4XROkxONgruHPU72l+gW+FfF8tf2cFjeHaRbWpOYa/uRBz/Xq1Pg==",
      "cpu": [
        "ia32"
      ],
      "license": "MIT",
      "optional": true,
      "os": [
        "linux"
      ],
      "engines": {
        "node": ">=18"
      }
    },
    "node_modules/@esbuild/linux-loong64": {
      "version": "0.27.7",
      "resolved": "https://registry.npmjs.org/@esbuild/linux-loong64/-/linux-loong64-0.27.7.tgz",
      "integrity": "sha512-a4POruNM2oWsD4WKvBSEKGIiWQF8fZOAsycHOt6JBpZ+JN2n2JH9WAv56SOyu9X5IqAjqSIPTaJkqN8F7XOQ5Q==",
      "cpu": [
        "loong64"
      ],
      "license": "MIT",
      "optional": true,
      "os": [
        "linux"
      ],
      "engines": {
        "node": ">=18"
      }
    },
    "node_modules/@esbuild/linux-mips64el": {
      "version": "0.27.7",
      "resolved": "https://registry.npmjs.org/@esbuild/linux-mips64el/-/linux-mips64el-0.27.7.tgz",
      "integrity": "sha512-KabT5I6StirGfIz0FMgl1I+R1H73Gp0ofL9A3nG3i/cYFJzKHhouBV5VWK1CSgKvVaG4q1RNpCTR2LuTVB3fIw==",
      "cpu": [
        "mips64el"
      ],
      "license": "MIT",
      "optional": true,
      "os": [
        "linux"
      ],
      "engines": {
        "node": ">=18"
      }
    },
    "node_modules/@esbuild/linux-ppc64": {
      "version": "0.27.7",
      "resolved": "https://registry.npmjs.org/@esbuild/linux-ppc64/-/linux-ppc64-0.27.7.tgz",
      "integrity": "sha512-gRsL4x6wsGHGRqhtI+ifpN/vpOFTQtnbsupUF5R5YTAg+y/lKelYR1hXbnBdzDjGbMYjVJLJTd2OFmMewAgwlQ==",
      "cpu": [
        "ppc64"
      ],
      "license": "MIT",
      "optional": true,
      "os": [
        "linux"
      ],
      "engines": {
        "node": ">=18"
      }
    },
    "node_modules/@esbuild/linux-riscv64": {
      "version": "0.27.7",
      "resolved": "https://registry.npmjs.org/@esbuild/linux-riscv64/-/linux-riscv64-0.27.7.tgz",
      "integrity": "sha512-hL25LbxO1QOngGzu2U5xeXtxXcW+/GvMN3ejANqXkxZ/opySAZMrc+9LY/WyjAan41unrR3YrmtTsUpwT66InQ==",
      "cpu": [
        "riscv64"
      ],
      "license": "MIT",
      "optional": true,
      "os": [
        "linux"
      ],
      "engines": {
        "node": ">=18"
      }
    },
    "node_modules/@esbuild/linux-s390x": {
      "version": "0.27.7",
      "resolved": "https://registry.npmjs.org/@esbuild/linux-s390x/-/linux-s390x-0.27.7.tgz",
      "integrity": "sha512-2k8go8Ycu1Kb46vEelhu1vqEP+UeRVj2zY1pSuPdgvbd5ykAw82Lrro28vXUrRmzEsUV0NzCf54yARIK8r0fdw==",
      "cpu": [
        "s390x"
      ],
      "license": "MIT",
      "optional": true,
      "os": [
        "linux"
      ],
      "engines": {
        "node": ">=18"
      }
    },
    "node_modules/@esbuild/linux-x64": {
      "version": "0.27.7",
      "resolved": "https://registry.npmjs.org/@esbuild/linux-x64/-/linux-x64-0.27.7.tgz",
      "integrity": "sha512-hzznmADPt+OmsYzw1EE33ccA+HPdIqiCRq7cQeL1Jlq2gb1+OyWBkMCrYGBJ+sxVzve2ZJEVeePbLM2iEIZSxA==",
      "cpu": [
        "x64"
      ],
      "license": "MIT",
      "optional": true,
      "os": [
        "linux"
      ],
      "engines": {
        "node": ">=18"
      }
    },
    "node_modules/@esbuild/netbsd-arm64": {
      "version": "0.27.7",
      "resolved": "https://registry.npmjs.org/@esbuild/netbsd-arm64/-/netbsd-arm64-0.27.7.tgz",
      "integrity": "sha512-b6pqtrQdigZBwZxAn1UpazEisvwaIDvdbMbmrly7cDTMFnw/+3lVxxCTGOrkPVnsYIosJJXAsILG9XcQS+Yu6w==",
      "cpu": [
        "arm64"
      ],
      "license": "MIT",
      "optional": true,
      "os": [
        "netbsd"
      ],
      "engines": {
        "node": ">=18"
      }
    },
    "node_modules/@esbuild/netbsd-x64": {
      "version": "0.27.7",
      "resolved": "https://registry.npmjs.org/@esbuild/netbsd-x64/-/netbsd-x64-0.27.7.tgz",
      "integrity": "sha512-OfatkLojr6U+WN5EDYuoQhtM+1xco+/6FSzJJnuWiUw5eVcicbyK3dq5EeV/QHT1uy6GoDhGbFpprUiHUYggrw==",
      "cpu": [
        "x64"
      ],
      "license": "MIT",
      "optional": true,
      "os": [
        "netbsd"
      ],
      "engines": {
        "node": ">=18"
      }
    },
    "node_modules/@esbuild/openbsd-arm64": {
      "version": "0.27.7",
      "resolved": "https://registry.npmjs.org/@esbuild/openbsd-arm64/-/openbsd-arm64-0.27.7.tgz",
      "integrity": "sha512-AFuojMQTxAz75Fo8idVcqoQWEHIXFRbOc1TrVcFSgCZtQfSdc1RXgB3tjOn/krRHENUB4j00bfGjyl2mJrU37A==",
      "cpu": [
        "arm64"
      ],
      "license": "MIT",
      "optional": true,
      "os": [
        "openbsd"
      ],
      "engines": {
        "node": ">=18"
      }
    },
    "node_modules/@esbuild/openbsd-x64": {
      "version": "0.27.7",
      "resolved": "https://registry.npmjs.org/@esbuild/openbsd-x64/-/openbsd-x64-0.27.7.tgz",
      "integrity": "sha512-+A1NJmfM8WNDv5CLVQYJ5PshuRm/4cI6WMZRg1by1GwPIQPCTs1GLEUHwiiQGT5zDdyLiRM/l1G0Pv54gvtKIg==",
      "cpu": [
        "x64"
      ],
      "license": "MIT",
      "optional": true,
      "os": [
        "openbsd"
      ],
      "engines": {
        "node": ">=18"
      }
    },
    "node_modules/@esbuild/openharmony-arm64": {
      "version": "0.27.7",
      "resolved": "https://registry.npmjs.org/@esbuild/openharmony-arm64/-/openharmony-arm64-0.27.7.tgz",
      "integrity": "sha512-+KrvYb/C8zA9CU/g0sR6w2RBw7IGc5J2BPnc3dYc5VJxHCSF1yNMxTV5LQ7GuKteQXZtspjFbiuW5/dOj7H4Yw==",
      "cpu": [
        "arm64"
      ],
      "license": "MIT",
      "optional": true,
      "os": [
        "openharmony"
      ],
      "engines": {
        "node": ">=18"
      }
    },
    "node_modules/@esbuild/sunos-x64": {
      "version": "0.27.7",
      "resolved": "https://registry.npmjs.org/@esbuild/sunos-x64/-/sunos-x64-0.27.7.tgz",
      "integrity": "sha512-ikktIhFBzQNt/QDyOL580ti9+5mL/YZeUPKU2ivGtGjdTYoqz6jObj6nOMfhASpS4GU4Q/Clh1QtxWAvcYKamA==",
      "cpu": [
        "x64"
      ],
      "license": "MIT",
      "optional": true,
      "os": [
        "sunos"
      ],
      "engines": {
        "node": ">=18"
      }
    },
    "node_modules/@esbuild/win32-arm64": {
      "version": "0.27.7",
      "resolved": "https://registry.npmjs.org/@esbuild/win32-arm64/-/win32-arm64-0.27.7.tgz",
      "integrity": "sha512-7yRhbHvPqSpRUV7Q20VuDwbjW5kIMwTHpptuUzV+AA46kiPze5Z7qgt6CLCK3pWFrHeNfDd1VKgyP4O+ng17CA==",
      "cpu": [
        "arm64"
      ],
      "license": "MIT",
      "optional": true,
      "os": [
        "win32"
      ],
      "engines": {
        "node": ">=18"
      }
    },
    "node_modules/@esbuild/win32-ia32": {
      "version": "0.27.7",
      "resolved": "https://registry.npmjs.org/@esbuild/win32-ia32/-/win32-ia32-0.27.7.tgz",
      "integrity": "sha512-SmwKXe6VHIyZYbBLJrhOoCJRB/Z1tckzmgTLfFYOfpMAx63BJEaL9ExI8x7v0oAO3Zh6D/Oi1gVxEYr5oUCFhw==",
      "cpu": [
        "ia32"
      ],
      "license": "MIT",
      "optional": true,
      "os": [
        "win32"
      ],
      "engines": {
        "node": ">=18"
      }
    },
    "node_modules/@esbuild/win32-x64": {
      "version": "0.27.7",
      "resolved": "https://registry.npmjs.org/@esbuild/win32-x64/-/win32-x64-0.27.7.tgz",
      "integrity": "sha512-56hiAJPhwQ1R4i+21FVF7V8kSD5zZTdHcVuRFMW0hn753vVfQN8xlx4uOPT4xoGH0Z/oVATuR82AiqSTDIpaHg==",
      "cpu": [
        "x64"
      ],
      "license": "MIT",
      "optional": true,
      "os": [
        "win32"
      ],
      "engines": {
        "node": ">=18"
      }
    },
    "node_modules/@oxfmt/binding-android-arm-eabi": {
      "version": "0.65.0",
      "resolved": "https://registry.npmjs.org/@oxfmt/binding-android-arm-eabi/-/binding-android-arm-eabi-0.65.0.tgz",
      "integrity": "sha512-M10Gs1SSpTNI6ahGx3M/OlIdUF4hkaP6OgUb+MS79t/Pgflk3r1nW5gPFqsZGUAXg0H1AfANT9AvLdBSTIhZKg==",
      "cpu": [
        "arm"
      ],
      "dev": true,
      "license": "MIT",
      "optional": true,
      "os": [
        "android"
      ],
      "engines": {
        "node": "^20.19.0 || >=22.12.0"
      }
    },
    "node_modules/@oxfmt/binding-android-arm64": {
      "version": "0.65.0",
      "resolved": "https://registry.npmjs.org/@oxfmt/binding-android-arm64/-/binding-android-arm64-0.65.0.tgz",
      "integrity": "sha512-6DXH5sftNlaHpWJG50hFMF+Qxtq5D2TmahvcDPxWNcGIf8qrC9Y0YgHYcYZ2hlWzaccKXh/f3GcssH8vtkl4JA==",
      "cpu": [
        "arm64"
      ],
      "dev": true,
      "license": "MIT",
      "optional": true,
      "os": [
        "android"
      ],
      "engines": {
        "node": "^20.19.0 || >=22.12.0"
      }
    },
    "node_modules/@oxfmt/binding-darwin-arm64": {
      "version": "0.65.0",
      "resolved": "https://registry.npmjs.org/@oxfmt/binding-darwin-arm64/-/binding-darwin-arm64-0.65.0.tgz",
      "integrity": "sha512-K9m7lr53pcOLETNsC88sWes/GWHUGjZyHx95UhYcSXy0r30haLdeXlSufSenEAtoLaW753WN8/l4M7GYcRt6cg==",
      "cpu": [
        "arm64"
      ],
      "dev": true,
      "license": "MIT",
      "optional": true,
      "os": [
        "darwin"
      ],
      "engines": {
        "node": "^20.19.0 || >=22.12.0"
      }
    },
    "node_modules/@oxfmt/binding-darwin-x64": {
      "version": "0.65.0",
      "resolved": "https://registry.npmjs.org/@oxfmt/binding-darwin-x64/-/binding-darwin-x64-0.65.0.tgz",
      "integrity": "sha512-sTNwIx1gre3MyiHOPLu7IGW4UyMScYL4DTmJT01p4vzB0En+OJUQz6KuH8t0PpsClRSaMuY3b0QmtoPItfO8Lg==",
      "cpu": [
        "x64"
      ],
      "dev": true,
      "license": "MIT",
      "optional": true,
      "os": [
        "darwin"
      ],
      "engines": {
        "node": "^20.19.0 || >=22.12.0"
      }
    },
    "node_modules/@oxfmt/binding-freebsd-x64": {
      "version": "0.65.0",
      "resolved": "https://registry.npmjs.org/@oxfmt/binding-freebsd-x64/-/binding-freebsd-x64-0.65.0.tgz",
      "integrity": "sha512-lYZMVIiIpnjGu5hJb2jxA8NYQ/e0OTGuaiAf4dqlGPNnPmUTu23FZRMltmjro/KkQm1uE4NT4n5yJ2zWmKcpfA==",
      "cpu": [
        "x64"
      ],
      "dev": true,
      "license": "MIT",
      "optional": true,
      "os": [
        "freebsd"
      ],
      "engines": {
        "node": "^20.19.0 || >=22.12.0"
      }
    },
    "node_modules/@oxfmt/binding-linux-arm-gnueabihf": {
      "version": "0.65.0",
      "resolved": "https://registry.npmjs.org/@oxfmt/binding-linux-arm-gnueabihf/-/binding-linux-arm-gnueabihf-0.65.0.tgz",
      "integrity": "sha512-gIdXFAt/bURnjxuoedDEWdZ0PEWEmdDcm8qdpoFYYvW3QMk/5D4vUaH4mlMeRpeTdST4izUgHVO6RawQ4QulJw==",
      "cpu": [
        "arm"
      ],
      "dev": true,
      "license": "MIT",
      "optional": true,
      "os": [
        "linux"
      ],
      "engines": {
        "node": "^20.19.0 || >=22.12.0"
      }
    },
    "node_modules/@oxfmt/binding-linux-arm-musleabihf": {
      "version": "0.65.0",
      "resolved": "https://registry.npmjs.org/@oxfmt/binding-linux-arm-musleabihf/-/binding-linux-arm-musleabihf-0.65.0.tgz",
      "integrity": "sha512-jJVyADto7gA2AaX5qAjAexrxx9PJQaKWOe8PICE7yKMbjBRyOHcmj9TtVJ+MZYDUQ3hodU0AcoTj0jFQ1W4C6Q==",
      "cpu": [
        "arm"
      ],
      "dev": true,
      "license": "MIT",
      "optional": true,
      "os": [
        "linux"
      ],
      "engines": {
        "node": "^20.19.0 || >=22.12.0"
      }
    },
    "node_modules/@oxfmt/binding-linux-arm64-gnu": {
      "version": "0.65.0",
      "resolved": "https://registry.npmjs.org/@oxfmt/binding-linux-arm64-gnu/-/binding-linux-arm64-gnu-0.65.0.tgz",
      "integrity": "sha512-p3RFkB+u7u+8up99b/NEcI1hdpLDiGgJYNwDorB60n7eH+eKposAKuMBxx+NqB3b+sJP4CZmYDh9G7X62tUsKg==",
      "cpu": [
        "arm64"
      ],
      "dev": true,
      "libc": [
        "glibc"
      ],
      "license": "MIT",
      "optional": true,
      "os": [
        "linux"
      ],
      "engines": {
        "node": "^20.19.0 || >=22.12.0"
      }
    },
    "node_modules/@oxfmt/binding-linux-arm64-musl": {
      "version": "0.65.0",
      "resolved": "https://registry.npmjs.org/@oxfmt/binding-linux-arm64-musl/-/binding-linux-arm64-musl-0.65.0.tgz",
      "integrity": "sha512-5Prb0uFzJHr+OUD/qS/TmU526wD+PaHDsm3KoRiUXbMIDpTSErjeQYkK3OQeshAvD/PuLa9WGEi9WPajjdOZJg==",
      "cpu": [
        "arm64"
      ],
      "dev": true,
      "libc": [
        "musl"
      ],
      "license": "MIT",
      "optional": true,
      "os": [
        "linux"
      ],
      "engines": {
        "node": "^20.19.0 || >=22.12.0"
      }
    },
    "node_modules/@oxfmt/binding-linux-ppc64-gnu": {
      "version": "0.65.0",
      "resolved": "https://registry.npmjs.org/@oxfmt/binding-linux-ppc64-gnu/-/binding-linux-ppc64-gnu-0.65.0.tgz",
      "integrity": "sha512-S8svxTp81obnF3admN9yd+u2rOYXtyzThLGBTg1PY6TPtGcC09BaaXLQD+TBSMa7yvqhCDZ8DFri+S/yG60qCg==",
      "cpu": [
        "ppc64"
      ],
      "dev": true,
      "libc": [
        "glibc"
      ],
      "license": "MIT",
      "optional": true,
      "os": [
        "linux"
      ],
      "engines": {
        "node": "^20.19.0 || >=22.12.0"
      }
    },
    "node_modules/@oxfmt/binding-linux-riscv64-gnu": {
      "version": "0.65.0",
      "resolved": "https://registry.npmjs.org/@oxfmt/binding-linux-riscv64-gnu/-/binding-linux-riscv64-gnu-0.65.0.tgz",
      "integrity": "sha512-WtXBr75G/h2qOHy8SiGtC1R6aS3jt4mE52v1D8AtwMXIgoOmSNP9lKvbSaTRoL0e5wsMPoi6T72QWDYPu+S+nA==",
      "cpu": [
        "riscv64"
      ],
      "dev": true,
      "libc": [
        "glibc"
      ],
      "license": "MIT",
      "optional": true,
      "os": [
        "linux"
      ],
      "engines": {
        "node": "^20.19.0 || >=22.12.0"
      }
    },
    "node_modules/@oxfmt/binding-linux-riscv64-musl": {
      "version": "0.65.0",
      "resolved": "https://registry.npmjs.org/@oxfmt/binding-linux-riscv64-musl/-/binding-linux-riscv64-musl-0.65.0.tgz",
      "integrity": "sha512-YwSLVvpaz4o/nv/miiPEBJz+eJ+VmbgNIrao6RccK9ce+L5EA8wP+ZD0uFeq6wKOza6zoWv/dR0sj6lip6R3EA==",
      "cpu": [
        "riscv64"
      ],
      "dev": true,
      "libc": [
        "musl"
      ],
      "license": "MIT",
      "optional": true,
      "os": [
        "linux"
      ],
      "engines": {
        "node": "^20.19.0 || >=22.12.0"
      }
    },
    "node_modules/@oxfmt/binding-linux-s390x-gnu": {
      "version": "0.65.0",
      "resolved": "https://registry.npmjs.org/@oxfmt/binding-linux-s390x-gnu/-/binding-linux-s390x-gnu-0.65.0.tgz",
      "integrity": "sha512-XQTPqgvyrgkKcFq+Tp2eK6JS7sqqJ+nRmy2Fav4j3I+i4dJoPJm7YwEdoeSDX9xkqj9jZ/lWfF3bXUWztIrn6A==",
      "cpu": [
        "s390x"
      ],
      "dev": true,
      "libc": [
        "glibc"
      ],
      "license": "MIT",
      "optional": true,
      "os": [
        "linux"
      ],
      "engines": {
        "node": "^20.19.0 || >=22.12.0"
      }
    },
    "node_modules/@oxfmt/binding-linux-x64-gnu": {
      "version": "0.65.0",
      "resolved": "https://registry.npmjs.org/@oxfmt/binding-linux-x64-gnu/-/binding-linux-x64-gnu-0.65.0.tgz",
      "integrity": "sha512-cjZlx6S/VkeCNWCbwZriTnLnZeTcV3DEyeRGSw/2wwLP9viq+C0bJ4bC1k/ZLkFxDcB1lUgSasPkYGP1bdraOg==",
      "cpu": [
        "x64"
      ],
      "dev": true,
      "libc": [
        "glibc"
      ],
      "license": "MIT",
      "optional": true,
      "os": [
        "linux"
      ],
      "engines": {
        "node": "^20.19.0 || >=22.12.0"
      }
    },
    "node_modules/@oxfmt/binding-linux-x64-musl": {
      "version": "0.65.0",
      "resolved": "https://registry.npmjs.org/@oxfmt/binding-linux-x64-musl/-/binding-linux-x64-musl-0.65.0.tgz",
      "integrity": "sha512-2azCjxdLtK4zCcIOU1dlXlU0xxfbPi6EjwWx7Ac7teWPidIIDOcIhudup83xNCKYhtqeVd/gaVDOxbUq4syXWA==",
      "cpu": [
        "x64"
      ],
      "dev": true,
      "libc": [
        "musl"
      ],
      "license": "MIT",
      "optional": true,
      "os": [
        "linux"
      ],
      "engines": {
        "node": "^20.19.0 || >=22.12.0"
      }
    },
    "node_modules/@oxfmt/binding-openharmony-arm64": {
      "version": "0.65.0",
      "resolved": "https://registry.npmjs.org/@oxfmt/binding-openharmony-arm64/-/binding-openharmony-arm64-0.65.0.tgz",
      "integrity": "sha512-KXQ7xi1e/voP0IQaw6fG6XY4Z5+Llf1XmRSZS1t7pVFCecFJ0iXaboKmVwjFtp5MLlT5iWQrJ2U1C3GJdZ2u+Q==",
      "cpu": [
        "arm64"
      ],
      "dev": true,
      "license": "MIT",
      "optional": true,
      "os": [
        "openharmony"
      ],
      "engines": {
        "node": "^20.19.0 || >=22.12.0"
      }
    },
    "node_modules/@oxfmt/binding-win32-arm64-msvc": {
      "version": "0.65.0",
      "resolved": "https://registry.npmjs.org/@oxfmt/binding-win32-arm64-msvc/-/binding-win32-arm64-msvc-0.65.0.tgz",
      "integrity": "sha512-2FbbjG5jEqLSLKVJwBap84uJfpn5Y5A53KEO0aUNr+zeiRB9nyPUIFMcSbZVMFLitfBytFWRNngozXYjb6Rsbw==",
      "cpu": [
        "arm64"
      ],
      "dev": true,
      "license": "MIT",
      "optional": true,
      "os": [
        "win32"
      ],
      "engines": {
        "node": "^20.19.0 || >=22.12.0"
      }
    },
    "node_modules/@oxfmt/binding-win32-ia32-msvc": {
      "version": "0.65.0",
      "resolved": "https://registry.npmjs.org/@oxfmt/binding-win32-ia32-msvc/-/binding-win32-ia32-msvc-0.65.0.tgz",
      "integrity": "sha512-LJ+ZacAPSjegDOnSLyA1TMWAhdDrsK4el3REdr1oL2UtVBCMhO2II/Sb3cEW6mF2MfLhl8hDNCSvc7KSbgk3LQ==",
      "cpu": [
        "ia32"
      ],
      "dev": true,
      "license": "MIT",
      "optional": true,
      "os": [
        "win32"
      ],
      "engines": {
        "node": "^20.19.0 || >=22.12.0"
      }
    },
    "node_modules/@oxfmt/binding-win32-x64-msvc": {
      "version": "0.65.0",
      "resolved": "https://registry.npmjs.org/@oxfmt/binding-win32-x64-msvc/-/binding-win32-x64-msvc-0.65.0.tgz",
      "integrity": "sha512-higu9cWEO6XXFzATD1jf0mCK34rNfN2H9JrJie7QB1IhleVpTh0QlLH9Ip2C1H/Nd5n0v5pvRtC+5R0uE4HpVg==",
      "cpu": [
        "x64"
      ],
      "dev": true,
      "license": "MIT",
      "optional": true,
      "os": [
        "win32"
      ],
      "engines": {
        "node": "^20.19.0 || >=22.12.0"
      }
    },
    "node_modules/@oxlint/binding-android-arm-eabi": {
      "version": "1.80.0",
      "resolved": "https://registry.npmjs.org/@oxlint/binding-android-arm-eabi/-/binding-android-arm-eabi-1.80.0.tgz",
      "integrity": "sha512-RM3Plj+biQpxa5d1GOOX6ciDlcUROmm4OZ/pLTpitkQt2mJv4jhtY4cbgaetOm5UKWZe05/TGQ6o1Vl8EOHkrA==",
      "cpu": [
        "arm"
      ],
      "dev": true,
      "license": "MIT",
      "optional": true,
      "os": [
        "android"
      ],
      "engines": {
        "node": "^20.19.0 || >=22.12.0"
      }
    },
    "node_modules/@oxlint/binding-android-arm64": {
      "version": "1.80.0",
      "resolved": "https://registry.npmjs.org/@oxlint/binding-android-arm64/-/binding-android-arm64-1.80.0.tgz",
      "integrity": "sha512-YlO5JEf0Yr2bUUlu8O8daVcUxtcGGbcSmyV7E7nSbJbfAdxTE0PFPwgnIlw7wXJaTYjb+qs5hI5q3jxUkI7cAw==",
      "cpu": [
        "arm64"
      ],
      "dev": true,
      "license": "MIT",
      "optional": true,
      "os": [
        "android"
      ],
      "engines": {
        "node": "^20.19.0 || >=22.12.0"
      }
    },
    "node_modules/@oxlint/binding-darwin-arm64": {
      "version": "1.80.0",
      "resolved": "https://registry.npmjs.org/@oxlint/binding-darwin-arm64/-/binding-darwin-arm64-1.80.0.tgz",
      "integrity": "sha512-BULDOyO3AhsmdWfQeIUCykDt3dd7XZBGLhp1eIh56skRv01O+cNjNPwXMIbeW1x4+pxcln5if72wcRgViVo7PA==",
      "cpu": [
        "arm64"
      ],
      "dev": true,
      "license": "MIT",
      "optional": true,
      "os": [
        "darwin"
      ],
      "engines": {
        "node": "^20.19.0 || >=22.12.0"
      }
    },
    "node_modules/@oxlint/binding-darwin-x64": {
      "version": "1.80.0",
      "resolved": "https://registry.npmjs.org/@oxlint/binding-darwin-x64/-/binding-darwin-x64-1.80.0.tgz",
      "integrity": "sha512-YJ4JzLw7N5TDSQFlA0hAQGHvnDZgyypm1yunObVWcWiF9KM7eGCJKYKLgTC2Fi/57OdnBhbj4OkzPGdFQJ6HyA==",
      "cpu": [
        "x64"
      ],
      "dev": true,
      "license": "MIT",
      "optional": true,
      "os": [
        "darwin"
      ],
      "engines": {
        "node": "^20.19.0 || >=22.12.0"
      }
    },
    "node_modules/@oxlint/binding-freebsd-x64": {
      "version": "1.80.0",
      "resolved": "https://registry.npmjs.org/@oxlint/binding-freebsd-x64/-/binding-freebsd-x64-1.80.0.tgz",
      "integrity": "sha512-AYUIk5QnL0s8oWAYsREZwkRYy1SupJTXALo93J1TgzHywxQtdM99FecRMQ87MXEdPQ0j1TmEpeeq3fGNkpvMqg==",
      "cpu": [
        "x64"
      ],
      "dev": true,
      "license": "MIT",
      "optional": true,
      "os": [
        "freebsd"
      ],
      "engines": {
        "node": "^20.19.0 || >=22.12.0"
      }
    },
    "node_modules/@oxlint/binding-linux-arm-gnueabihf": {
      "version": "1.80.0",
      "resolved": "https://registry.npmjs.org/@oxlint/binding-linux-arm-gnueabihf/-/binding-linux-arm-gnueabihf-1.80.0.tgz",
      "integrity": "sha512-9hBZVANupQ89W9dXyE0n8doCyaW5pDyGn3y6XlIMPZ+rIKuyqkr3SNUXmVJIhuvUq0NBU3RBiSXXE69l4XI6KA==",
      "cpu": [
        "arm"
      ],
      "dev": true,
      "license": "MIT",
      "optional": true,
      "os": [
        "linux"
      ],
      "engines": {
        "node": "^20.19.0 || >=22.12.0"
      }
    },
    "node_modules/@oxlint/binding-linux-arm-musleabihf": {
      "version": "1.80.0",
      "resolved": "https://registry.npmjs.org/@oxlint/binding-linux-arm-musleabihf/-/binding-linux-arm-musleabihf-1.80.0.tgz",
      "integrity": "sha512-SvS2uKqzY+pbfuvAHzH4338R6Zwo805GAwrIMVvK1KxoOWCIjZUdfzTCvilD7z6JK91v011+zYMryabhDo2AsQ==",
      "cpu": [
        "arm"
      ],
      "dev": true,
      "license": "MIT",
      "optional": true,
      "os": [
        "linux"
      ],
      "engines": {
        "node": "^20.19.0 || >=22.12.0"
      }
    },
    "node_modules/@oxlint/binding-linux-arm64-gnu": {
      "version": "1.80.0",
      "resolved": "https://registry.npmjs.org/@oxlint/binding-linux-arm64-gnu/-/binding-linux-arm64-gnu-1.80.0.tgz",
      "integrity": "sha512-tCLadyqRVL3pQTRPNg7cjXKvcvS4fbyXeQHhKk5BTJ1oftQln5/yIIWbu/Xom/DX41zv2P9QGt6+D/TtQVtY3A==",
      "cpu": [
        "arm64"
      ],
      "dev": true,
      "libc": [
        "glibc"
      ],
      "license": "MIT",
      "optional": true,
      "os": [
        "linux"
      ],
      "engines": {
        "node": "^20.19.0 || >=22.12.0"
      }
    },
    "node_modules/@oxlint/binding-linux-arm64-musl": {
      "version": "1.80.0",
      "resolved": "https://registry.npmjs.org/@oxlint/binding-linux-arm64-musl/-/binding-linux-arm64-musl-1.80.0.tgz",
      "integrity": "sha512-XfpCNRlOPcLlJl4Bn/FUhjqlR6BVavEykERBf/MV7YA9VZDa5g5znVqYhyviMafcxS9Pe/i/kPvHNO0U6svEHQ==",
      "cpu": [
        "arm64"
      ],
      "dev": true,
      "libc": [
        "musl"
      ],
      "license": "MIT",
      "optional": true,
      "os": [
        "linux"
      ],
      "engines": {
        "node": "^20.19.0 || >=22.12.0"
      }
    },
    "node_modules/@oxlint/binding-linux-ppc64-gnu": {
      "version": "1.80.0",
      "resolved": "https://registry.npmjs.org/@oxlint/binding-linux-ppc64-gnu/-/binding-linux-ppc64-gnu-1.80.0.tgz",
      "integrity": "sha512-3I4yMwcFG9NeO8ioY6JBBuKsIm5GL/x7MATt1S4tVWaxPu5HcJ+XnLUbcVBTxG8q2Wu56HSj+NmXQiVYb1lp6A==",
      "cpu": [
        "ppc64"
      ],
      "dev": true,
      "libc": [
        "glibc"
      ],
      "license": "MIT",
      "optional": true,
      "os": [
        "linux"
      ],
      "engines": {
        "node": "^20.19.0 || >=22.12.0"
      }
    },
    "node_modules/@oxlint/binding-linux-riscv64-gnu": {
      "version": "1.80.0",
      "resolved": "https://registry.npmjs.org/@oxlint/binding-linux-riscv64-gnu/-/binding-linux-riscv64-gnu-1.80.0.tgz",
      "integrity": "sha512-E1wAKymkpe1/E8helzBKdm81OBOF+ezxRyXRMEuik3ZpWDER5CPOKZwF66RsdwW98uwZv8UTFremUQtC1CzdJA==",
      "cpu": [
        "riscv64"
      ],
      "dev": true,
      "libc": [
        "glibc"
      ],
      "license": "MIT",
      "optional": true,
      "os": [
        "linux"
      ],
      "engines": {
        "node": "^20.19.0 || >=22.12.0"
      }
    },
    "node_modules/@oxlint/binding-linux-riscv64-musl": {
      "version": "1.80.0",
      "resolved": "https://registry.npmjs.org/@oxlint/binding-linux-riscv64-musl/-/binding-linux-riscv64-musl-1.80.0.tgz",
      "integrity": "sha512-+gLRGD4sIo3+VA++iham5UxD9tKSoJ/VOrROCEXIcknrYtQg6iIQgvjN0cpiRF7N6UYC7pJbvHJlDnMge5LRpQ==",
      "cpu": [
        "riscv64"
      ],
      "dev": true,
      "libc": [
        "musl"
      ],
      "license": "MIT",
      "optional": true,
      "os": [
        "linux"
      ],
      "engines": {
        "node": "^20.19.0 || >=22.12.0"
      }
    },
    "node_modules/@oxlint/binding-linux-s390x-gnu": {
      "version": "1.80.0",
      "resolved": "https://registry.npmjs.org/@oxlint/binding-linux-s390x-gnu/-/binding-linux-s390x-gnu-1.80.0.tgz",
      "integrity": "sha512-aR0PrzHj9leW3NmzBAAP4EzdoBNoJcs9sjnIQPIwyRnBGYrRbXUIpEB5Q39AqK3PLY5JK5uEhDQDiUa1QSAstw==",
      "cpu": [
        "s390x"
      ],
      "dev": true,
      "libc": [
        "glibc"
      ],
      "license": "MIT",
      "optional": true,
      "os": [
        "linux"
      ],
      "engines": {
        "node": "^20.19.0 || >=22.12.0"
      }
    },
    "node_modules/@oxlint/binding-linux-x64-gnu": {
      "version": "1.80.0",
      "resolved": "https://registry.npmjs.org/@oxlint/binding-linux-x64-gnu/-/binding-linux-x64-gnu-1.80.0.tgz",
      "integrity": "sha512-vSVh5cSo3Xxs6ghBCcFJlpbkbENzDog1qXtoXLa/HC3aCrR4XO76GZbXmQoCPHnu99nQpdCeC3H9tdNICfDh7A==",
      "cpu": [
        "x64"
      ],
      "dev": true,
      "libc": [
        "glibc"
      ],
      "license": "MIT",
      "optional": true,
      "os": [
        "linux"
      ],
      "engines": {
        "node": "^20.19.0 || >=22.12.0"
      }
    },
    "node_modules/@oxlint/binding-linux-x64-musl": {
      "version": "1.80.0",
      "resolved": "https://registry.npmjs.org/@oxlint/binding-linux-x64-musl/-/binding-linux-x64-musl-1.80.0.tgz",
      "integrity": "sha512-FfzBXpNQ8u7/ZI/p8bl73MeZ508Ax3hxWp3SiJpEFiC+BB9XcXy5FAZHTLKDPSzrUpxQZSZJAVdDmuJp/+HDBQ==",
      "cpu": [
        "x64"
      ],
      "dev": true,
      "libc": [
        "musl"
      ],
      "license": "MIT",
      "optional": true,
      "os": [
        "linux"
      ],
      "engines": {
        "node": "^20.19.0 || >=22.12.0"
      }
    },
    "node_modules/@oxlint/binding-openharmony-arm64": {
      "version": "1.80.0",
      "resolved": "https://registry.npmjs.org/@oxlint/binding-openharmony-arm64/-/binding-openharmony-arm64-1.80.0.tgz",
      "integrity": "sha512-zMzbkumtmprCgRwoYNzcB3iC39fXdJIMLMU33KdCjEGLlJGOEt1+LwQ4LF8ndLzAEKVz4BR0y3V6Xrkk3Nm3yA==",
      "cpu": [
        "arm64"
      ],
      "dev": true,
      "license": "MIT",
      "optional": true,
      "os": [
        "openharmony"
      ],
      "engines": {
        "node": "^20.19.0 || >=22.12.0"
      }
    },
    "node_modules/@oxlint/binding-win32-arm64-msvc": {
      "version": "1.80.0",
      "resolved": "https://registry.npmjs.org/@oxlint/binding-win32-arm64-msvc/-/binding-win32-arm64-msvc-1.80.0.tgz",
      "integrity": "sha512-ib6iRcrXsk4t1fm3iKcwksyWh1ZkZXC/2mEzakl0ai2+6HZunf1WWMZ/xP9EJAvw9g9K4UVTC3NF/+G2qLrbTQ==",
      "cpu": [
        "arm64"
      ],
      "dev": true,
      "license": "MIT",
      "optional": true,
      "os": [
        "win32"
      ],
      "engines": {
        "node": "^20.19.0 || >=22.12.0"
      }
    },
    "node_modules/@oxlint/binding-win32-ia32-msvc": {
      "version": "1.80.0",
      "resolved": "https://registry.npmjs.org/@oxlint/binding-win32-ia32-msvc/-/binding-win32-ia32-msvc-1.80.0.tgz",
      "integrity": "sha512-xhRWBMpLxZvgKAH6+DJZmpP+W8Y8UdQOSU1JfxSWNXsaBaRGW77j+1hCuNHlzj7OH4SPN8fYd1q0o2qrDtoVyw==",
      "cpu": [
        "ia32"
      ],
      "dev": true,
      "license": "MIT",
      "optional": true,
      "os": [
        "win32"
      ],
      "engines": {
        "node": "^20.19.0 || >=22.12.0"
      }
    },
    "node_modules/@oxlint/binding-win32-x64-msvc": {
      "version": "1.80.0",
      "resolved": "https://registry.npmjs.org/@oxlint/binding-win32-x64-msvc/-/binding-win32-x64-msvc-1.80.0.tgz",
      "integrity": "sha512-yAnO7lwBYQnz2pcfBPIGQQZWIX5zd5R/1aAKIF3oE+TVj7IhoHcROjOkz3sRDngzqhfPKfFaXqug5j5rE5dn6Q==",
      "cpu": [
        "x64"
      ],
      "dev": true,
      "license": "MIT",
      "optional": true,
      "os": [
        "win32"
      ],
      "engines": {
        "node": "^20.19.0 || >=22.12.0"
      }
    },
    "node_modules/@types/lodash": {
      "version": "4.17.20",
      "resolved": "https://registry.npmjs.org/@types/lodash/-/lodash-4.17.20.tgz",
      "integrity": "sha512-H3MHACvFUEiujabxhaI/ImO6gUrd8oOurg7LQtS7mbwIXA/cUqWrvBsaeJ23aZEPk1TAYkurjfMbSELfoCXlGA==",
      "dev": true,
      "license": "MIT"
    },
    "node_modules/@types/node": {
      "version": "25.5.0",
      "resolved": "https://registry.npmjs.org/@types/node/-/node-25.5.0.tgz",
      "integrity": "sha512-jp2P3tQMSxWugkCUKLRPVUpGaL5MVFwF8RDuSRztfwgN1wmqJeMSbKlnEtQqU8UrhTmzEmZdu2I6v2dpp7XIxw==",
      "dev": true,
      "license": "MIT",
      "dependencies": {
        "undici-types": "~7.18.0"
      }
    },
    "node_modules/datastructures-js": {
      "version": "13.0.0",
      "resolved": "https://registry.npmjs.org/datastructures-js/-/datastructures-js-13.0.0.tgz",
      "integrity": "sha512-3KLehk8sGWS2IuncLv0/Wxl1a1VtvQagLDtGNBw3SNbi7893PPxWT8dac+cuHA/N4V25BQL6pHF7IVjdaZFB3Q==",
      "license": "MIT",
      "dependencies": {
        "@datastructures-js/binary-search-tree": "^5.3.1",
        "@datastructures-js/deque": "^1.0.4",
        "@datastructures-js/graph": "^5.3.0",
        "@datastructures-js/heap": "^4.3.2",
        "@datastructures-js/linked-list": "^6.1.0",
        "@datastructures-js/priority-queue": "^6.3.0",
        "@datastructures-js/queue": "^4.2.3",
        "@datastructures-js/set": "^4.2.1",
        "@datastructures-js/stack": "^3.1.4",
        "@datastructures-js/trie": "^4.2.2"
      }
    },
    "node_modules/esbuild": {
      "version": "0.27.7",
      "resolved": "https://registry.npmjs.org/esbuild/-/esbuild-0.27.7.tgz",
      "integrity": "sha512-IxpibTjyVnmrIQo5aqNpCgoACA/dTKLTlhMHihVHhdkxKyPO1uBBthumT0rdHmcsk9uMonIWS0m4FljWzILh3w==",
      "hasInstallScript": true,
      "license": "MIT",
      "bin": {
        "esbuild": "bin/esbuild"
      },
      "engines": {
        "node": ">=18"
      },
      "optionalDependencies": {
        "@esbuild/aix-ppc64": "0.27.7",
        "@esbuild/android-arm": "0.27.7",
        "@esbuild/android-arm64": "0.27.7",
        "@esbuild/android-x64": "0.27.7",
        "@esbuild/darwin-arm64": "0.27.7",
        "@esbuild/darwin-x64": "0.27.7",
        "@esbuild/freebsd-arm64": "0.27.7",
        "@esbuild/freebsd-x64": "0.27.7",
        "@esbuild/linux-arm": "0.27.7",
        "@esbuild/linux-arm64": "0.27.7",
        "@esbuild/linux-ia32": "0.27.7",
        "@esbuild/linux-loong64": "0.27.7",
        "@esbuild/linux-mips64el": "0.27.7",
        "@esbuild/linux-ppc64": "0.27.7",
        "@esbuild/linux-riscv64": "0.27.7",
        "@esbuild/linux-s390x": "0.27.7",
        "@esbuild/linux-x64": "0.27.7",
        "@esbuild/netbsd-arm64": "0.27.7",
        "@esbuild/netbsd-x64": "0.27.7",
        "@esbuild/openbsd-arm64": "0.27.7",
        "@esbuild/openbsd-x64": "0.27.7",
        "@esbuild/openharmony-arm64": "0.27.7",
        "@esbuild/sunos-x64": "0.27.7",
        "@esbuild/win32-arm64": "0.27.7",
        "@esbuild/win32-ia32": "0.27.7",
        "@esbuild/win32-x64": "0.27.7"
      }
    },
    "node_modules/fsevents": {
      "version": "2.3.3",
      "resolved": "https://registry.npmjs.org/fsevents/-/fsevents-2.3.3.tgz",
      "integrity": "sha512-5xoDfX+fL7faATnagmWPpbFtwh/R77WmMMqqHGS65C3vvB0YHrgF+B1YmZ3441tMj5n63k0212XNoJwzlhffQw==",
      "hasInstallScript": true,
      "license": "MIT",
      "optional": true,
      "os": [
        "darwin"
      ],
      "engines": {
        "node": "^8.16.0 || ^10.6.0 || >=11.0.0"
      }
    },
    "node_modules/get-tsconfig": {
      "version": "4.14.0",
      "resolved": "https://registry.npmjs.org/get-tsconfig/-/get-tsconfig-4.14.0.tgz",
      "integrity": "sha512-yTb+8DXzDREzgvYmh6s9vHsSVCHeC0G3PI5bEXNBHtmshPnO+S5O7qgLEOn0I5QvMy6kpZN8K1NKGyilLb93wA==",
      "license": "MIT",
      "dependencies": {
        "resolve-pkg-maps": "^1.0.0"
      },
      "funding": {
        "url": "https://github.com/privatenumber/get-tsconfig?sponsor=1"
      }
    },
    "node_modules/husky": {
      "version": "9.1.7",
      "resolved": "https://registry.npmjs.org/husky/-/husky-9.1.7.tgz",
      "integrity": "sha512-5gs5ytaNjBrh5Ow3zrvdUUY+0VxIuWVL4i9irt6friV+BqdCfmV11CQTWMiBYWHbXhco+J1kHfTOUkePhCDvMA==",
      "dev": true,
      "license": "MIT",
      "bin": {
        "husky": "bin.js"
      },
      "engines": {
        "node": ">=18"
      },
      "funding": {
        "url": "https://github.com/sponsors/typicode"
      }
    },
    "node_modules/lodash": {
      "version": "4.18.1",
      "resolved": "https://registry.npmjs.org/lodash/-/lodash-4.18.1.tgz",
      "integrity": "sha512-dMInicTPVE8d1e5otfwmmjlxkZoUpiVLwyeTdUsi/Caj/gfzzblBcCE5sRHV/AsjuCmxWrte2TNGSYuCeCq+0Q==",
      "license": "MIT"
    },
    "node_modules/oxfmt": {
      "version": "0.65.0",
      "resolved": "https://registry.npmjs.org/oxfmt/-/oxfmt-0.65.0.tgz",
      "integrity": "sha512-SgS5VgnP42T0zl3zWD+xoH8FCqg1SAFnSRoOT/qeoa6gxcYIqrDMOmcXIg/EWSN92Du4ogB4riuKhKd6Y4CGhw==",
      "dev": true,
      "license": "MIT",
      "dependencies": {
        "tinypool": "2.1.0"
      },
      "bin": {
        "oxfmt": "bin/oxfmt"
      },
      "engines": {
        "node": "^20.19.0 || >=22.12.0"
      },
      "funding": {
        "url": "https://github.com/sponsors/Boshen"
      },
      "optionalDependencies": {
        "@oxfmt/binding-android-arm-eabi": "0.65.0",
        "@oxfmt/binding-android-arm64": "0.65.0",
        "@oxfmt/binding-darwin-arm64": "0.65.0",
        "@oxfmt/binding-darwin-x64": "0.65.0",
        "@oxfmt/binding-freebsd-x64": "0.65.0",
        "@oxfmt/binding-linux-arm-gnueabihf": "0.65.0",
        "@oxfmt/binding-linux-arm-musleabihf": "0.65.0",
        "@oxfmt/binding-linux-arm64-gnu": "0.65.0",
        "@oxfmt/binding-linux-arm64-musl": "0.65.0",
        "@oxfmt/binding-linux-ppc64-gnu": "0.65.0",
        "@oxfmt/binding-linux-riscv64-gnu": "0.65.0",
        "@oxfmt/binding-linux-riscv64-musl": "0.65.0",
        "@oxfmt/binding-linux-s390x-gnu": "0.65.0",
        "@oxfmt/binding-linux-x64-gnu": "0.65.0",
        "@oxfmt/binding-linux-x64-musl": "0.65.0",
        "@oxfmt/binding-openharmony-arm64": "0.65.0",
        "@oxfmt/binding-win32-arm64-msvc": "0.65.0",
        "@oxfmt/binding-win32-ia32-msvc": "0.65.0",
        "@oxfmt/binding-win32-x64-msvc": "0.65.0"
      },
      "peerDependencies": {
        "svelte": "^5.0.0",
        "vite-plus": "*"
      },
      "peerDependenciesMeta": {
        "svelte": {
          "optional": true
        },
        "vite-plus": {
          "optional": true
        }
      }
    },
    "node_modules/oxlint": {
      "version": "1.80.0",
      "resolved": "https://registry.npmjs.org/oxlint/-/oxlint-1.80.0.tgz",
      "integrity": "sha512-5nTiSps4qdbCWLbxzuO00alHkEO2exR9YMN/ig6QXWrLsYSG0KaObOAM+l6oU2LcKPWoSAGYbkZIGEu1ViiWKA==",
      "dev": true,
      "license": "MIT",
      "bin": {
        "oxlint": "bin/oxlint"
      },
      "engines": {
        "node": "^20.19.0 || >=22.12.0"
      },
      "funding": {
        "url": "https://github.com/sponsors/Boshen"
      },
      "optionalDependencies": {
        "@oxlint/binding-android-arm-eabi": "1.80.0",
        "@oxlint/binding-android-arm64": "1.80.0",
        "@oxlint/binding-darwin-arm64": "1.80.0",
        "@oxlint/binding-darwin-x64": "1.80.0",
        "@oxlint/binding-freebsd-x64": "1.80.0",
        "@oxlint/binding-linux-arm-gnueabihf": "1.80.0",
        "@oxlint/binding-linux-arm-musleabihf": "1.80.0",
        "@oxlint/binding-linux-arm64-gnu": "1.80.0",
        "@oxlint/binding-linux-arm64-musl": "1.80.0",
        "@oxlint/binding-linux-ppc64-gnu": "1.80.0",
        "@oxlint/binding-linux-riscv64-gnu": "1.80.0",
        "@oxlint/binding-linux-riscv64-musl": "1.80.0",
        "@oxlint/binding-linux-s390x-gnu": "1.80.0",
        "@oxlint/binding-linux-x64-gnu": "1.80.0",
        "@oxlint/binding-linux-x64-musl": "1.80.0",
        "@oxlint/binding-openharmony-arm64": "1.80.0",
        "@oxlint/binding-win32-arm64-msvc": "1.80.0",
        "@oxlint/binding-win32-ia32-msvc": "1.80.0",
        "@oxlint/binding-win32-x64-msvc": "1.80.0"
      },
      "peerDependencies": {
        "oxlint-tsgolint": ">=7.0.2001",
        "vite-plus": "*"
      },
      "peerDependenciesMeta": {
        "oxlint-tsgolint": {
          "optional": true
        },
        "vite-plus": {
          "optional": true
        }
      }
    },
    "node_modules/resolve-pkg-maps": {
      "version": "1.0.0",
      "resolved": "https://registry.npmjs.org/resolve-pkg-maps/-/resolve-pkg-maps-1.0.0.tgz",
      "integrity": "sha512-seS2Tj26TBVOC2NIc2rOe2y2ZO7efxITtLZcGSOnHHNOQ7CkiUBfw0Iw2ck6xkIhPwLhKNLS8BO+hEpngQlqzw==",
      "license": "MIT",
      "funding": {
        "url": "https://github.com/privatenumber/resolve-pkg-maps?sponsor=1"
      }
    },
    "node_modules/tinypool": {
      "version": "2.1.0",
      "resolved": "https://registry.npmjs.org/tinypool/-/tinypool-2.1.0.tgz",
      "integrity": "sha512-Pugqs6M0m7Lv1I7FtxN4aoyToKg1C4tu+/381vH35y8oENM/Ai7f7C4StcoK4/+BSw9ebcS8jRiVrORFKCALLw==",
      "dev": true,
      "license": "MIT",
      "engines": {
        "node": "^20.0.0 || >=22.0.0"
      }
    },
    "node_modules/tsx": {
      "version": "4.21.0",
      "resolved": "https://registry.npmjs.org/tsx/-/tsx-4.21.0.tgz",
      "integrity": "sha512-5C1sg4USs1lfG0GFb2RLXsdpXqBSEhAaA/0kPL01wxzpMqLILNxIxIOKiILz+cdg/pLnOUxFYOR5yhHU666wbw==",
      "license": "MIT",
      "dependencies": {
        "esbuild": "~0.27.0",
        "get-tsconfig": "^4.7.5"
      },
      "bin": {
        "tsx": "dist/cli.mjs"
      },
      "engines": {
        "node": ">=18.0.0"
      },
      "optionalDependencies": {
        "fsevents": "~2.3.3"
      }
    },
    "node_modules/typescript": {
      "version": "5.9.3",
      "resolved": "https://registry.npmjs.org/typescript/-/typescript-5.9.3.tgz",
      "integrity": "sha512-jl1vZzPDinLr9eUt3J/t7V6FgNEw9QjvBPdysz9KfQDD41fQrC2Y4vKQdiaUpFT4bXlb1RHhLpp8wtm6M5TgSw==",
      "dev": true,
      "license": "Apache-2.0",
      "bin": {
        "tsc": "bin/tsc",
        "tsserver": "bin/tsserver"
      },
      "engines": {
        "node": ">=14.17"
      }
    },
    "node_modules/undici-types": {
      "version": "7.18.2",
      "resolved": "https://registry.npmjs.org/undici-types/-/undici-types-7.18.2.tgz",
      "integrity": "sha512-AsuCzffGHJybSaRrmr5eHr81mwJU3kjw6M+uprWvCXiNeN9SOGwQ3Jn8jb8m3Z6izVgknn1R0FTCEAP2QrLY/w==",
      "dev": true,
      "license": "MIT"
    }
  }
}
